
Microsoft Visual Studio Solution File, Format Version 12.00
# Visual Studio Version 17
VisualStudioVersion = 17.7.34221.43
MinimumVisualStudioVersion = 10.0.40219.1
Project("{FAE04EC0-301F-11D3-BF4B-00C04F79EFBC}") = "KodeTime16112023", "KodeTime16112023.csproj", "{51A52746-018E-4FC4-BAB2-772A3449813A}"
EndProject
Global
	GlobalSection(SolutionConfigurationPlatforms) = preSolution
		Debug|Any CPU = Debug|Any CPU
		Release|Any CPU = Release|Any CPU
	EndGlobalSection
	GlobalSection(ProjectConfigurationPlatforms) = postSolution
		{51A52746-018E-4FC4-BAB2-772A3449813A}.Debug|Any CPU.ActiveCfg = Debug|Any CPU
		{51A52746-018E-4FC4-BAB2-772A3449813A}.Debug|Any CPU.Build.0 = Debug|Any CPU
		{51A52746-018E-4FC4-BAB2-772A3449813A}.Release|Any CPU.ActiveCfg = Release|Any CPU
		{51A52746-018E-4FC4-BAB2-772A3449813A}.Release|Any CPU.Build.0 = Release|Any CPU
	EndGlobalSection
	GlobalSection(SolutionProperties) = preSolution
		HideSolutionNode = FALSE
	EndGlobalSection
	GlobalSection(ExtensibilityGlobals) = postSolution
		SolutionGuid = {172DED02-33D2-4072-8C5A-82AA62EA3341}
	EndGlobalSection
EndGlobal
